
Microsoft Visual Studio Solution File, Format Version 12.00
# Visual Studio Version 16
VisualStudioVersion = 16.0.31507.150
MinimumVisualStudioVersion = 10.0.40219.1
Project("{FAE04EC0-301F-11D3-BF4B-00C04F79EFBC}") = "ArrayProblem", "ArrayProblem\ArrayProblem.csproj", "{E786DF39-F21E-408E-87B4-700CE50C62CF}"
EndProject
Global
	GlobalSection(SolutionConfigurationPlatforms) = preSolution
		Debug|Any CPU = Debug|Any CPU
		Release|Any CPU = Release|Any CPU
	EndGlobalSection
	GlobalSection(ProjectConfigurationPlatforms) = postSolution
		{E786DF39-F21E-408E-87B4-700CE50C62CF}.Debug|Any CPU.ActiveCfg = Debug|Any CPU
		{E786DF39-F21E-408E-87B4-700CE50C62CF}.Debug|Any CPU.Build.0 = Debug|Any CPU
		{E786DF39-F21E-408E-87B4-700CE50C62CF}.Release|Any CPU.ActiveCfg = Release|Any CPU
		{E786DF39-F21E-408E-87B4-700CE50C62CF}.Release|Any CPU.Build.0 = Release|Any CPU
	EndGlobalSection
	GlobalSection(SolutionProperties) = preSolution
		HideSolutionNode = FALSE
	EndGlobalSection
	GlobalSection(ExtensibilityGlobals) = postSolution
		SolutionGuid = {7DF27BCF-23A1-4F11-A55B-C286F54F35E6}
	EndGlobalSection
EndGlobal
